// !$*UTF8*$!
{
	archiveVersion = 1;
	classes = {
	};
	objectVersion = 46;
	objects = {

/* Begin PBXBuildFile section */
		4105A6921C74605E00631681 /* main.m in Sources */ = {isa = PBXBuildFile; fileRef = 4105A6911C74605E00631681 /* main.m */; };
		4105A6951C74605E00631681 /* AppDelegate.m in Sources */ = {isa = PBXBuildFile; fileRef = 4105A6941C74605E00631681 /* AppDelegate.m */; };
		4105A6981C74605E00631681 /* ViewController.m in Sources */ = {isa = PBXBuildFile; fileRef = 4105A6971C74605E00631681 /* ViewController.m */; };
		4105A69B1C74605E00631681 /* Main.storyboard in Resources */ = {isa = PBXBuildFile; fileRef = 4105A6991C74605E00631681 /* Main.storyboard */; };
		4105A69D1C74605E00631681 /* Assets.xcassets in Resources */ = {isa = PBXBuildFile; fileRef = 4105A69C1C74605E00631681 /* Assets.xcassets */; };
		4105A6A01C74605E00631681 /* LaunchScreen.storyboard in Resources */ = {isa = PBXBuildFile; fileRef = 4105A69E1C74605E00631681 /* LaunchScreen.storyboard */; };
		4105A6AB1C74605E00631681 /* GAME_Tests.m in Sources */ = {isa = PBXBuildFile; fileRef = 4105A6AA1C74605E00631681 /* GAME_Tests.m */; };
		4105A6B61C74605E00631681 /* GAME_UITests.m in Sources */ = {isa = PBXBuildFile; fileRef = 4105A6B51C74605E00631681 /* GAME_UITests.m */; };
		4105A6C51C7463CA00631681 /* FullSizeRender.jpg in Resources */ = {isa = PBXBuildFile; fileRef = 4105A6C41C7463CA00631681 /* FullSizeRender.jpg */; };
		4105A6CC1C74673300631681 /* FullSizeRender1.jpg in Resources */ = {isa = PBXBuildFile; fileRef = 4105A6CA1C74673300631681 /* FullSizeRender1.jpg */; };
		4105A6CD1C74673300631681 /* FullSizeRender2.jpg in Resources */ = {isa = PBXBuildFile; fileRef = 4105A6CB1C74673300631681 /* FullSizeRender2.jpg */; };
		4105A6D01C746D9800631681 /* gameViewController.m in Sources */ = {isa = PBXBuildFile; fileRef = 4105A6CF1C746D9800631681 /* gameViewController.m */; };
		4105A6D31C746E3400631681 /* settingViewController.m in Sources */ = {isa = PBXBuildFile; fileRef = 4105A6D21C746E3400631681 /* settingViewController.m */; };
		4105A6D61C746E3F00631681 /* introViewController.m in Sources */ = {isa = PBXBuildFile; fileRef = 4105A6D51C746E3F00631681 /* introViewController.m */; };
/* End PBXBuildFile section */

/* Begin PBXContainerItemProxy section */
		4105A6A71C74605E00631681 /* PBXContainerItemProxy */ = {
			isa = PBXContainerItemProxy;
			containerPortal = 4105A6851C74605E00631681 /* Project object */;
			proxyType = 1;
			remoteGlobalIDString = 4105A68C1C74605E00631681;
			remoteInfo = "GAME!";
		};
		4105A6B21C74605E00631681 /* PBXContainerItemProxy */ = {
			isa = PBXContainerItemProxy;
			containerPortal = 4105A6851C74605E00631681 /* Project object */;
			proxyType = 1;
			remoteGlobalIDString = 4105A68C1C74605E00631681;
			remoteInfo = "GAME!";
		};
/* End PBXContainerItemProxy section */

/* Begin PBXFileReference section */
		4105A68D1C74605E00631681 /* GAME!.app */ = {isa = PBXFileReference; explicitFileType = wrapper.application; includeInIndex = 0; path = "GAME!.app"; sourceTree = BUILT_PRODUCTS_DIR; };
		4105A6911C74605E00631681 /* main.m */ = {isa = PBXFileReference; lastKnownFileType = sourcecode.c.objc; path = main.m; sourceTree = "<group>"; };
		4105A6931C74605E00631681 /* AppDelegate.h */ = {isa = PBXFileReference; lastKnownFileType = sourcecode.c.h; path = AppDelegate.h; sourceTree = "<group>"; };
		4105A6941C74605E00631681 /* AppDelegate.m */ = {isa = PBXFileReference; lastKnownFileType = sourcecode.c.objc; path = AppDelegate.m; sourceTree = "<group>"; };
		4105A6961C74605E00631681 /* ViewController.h */ = {isa = PBXFileReference; lastKnownFileType = sourcecode.c.h; path = ViewController.h; sourceTree = "<group>"; };
		4105A6971C74605E00631681 /* ViewController.m */ = {isa = PBXFileReference; lastKnownFileType = sourcecode.c.objc; path = ViewController.m; sourceTree = "<group>"; };
		4105A69A1C74605E00631681 /* Base */ = {isa = PBXFileReference; lastKnownFileType = file.storyboard; name = Base; path = Base.lproj/Main.storyboard; sourceTree = "<group>"; };
		4105A69C1C74605E00631681 /* Assets.xcassets */ = {isa = PBXFileReference; lastKnownFileType = folder.assetcatalog; path = Assets.xcassets; sourceTree = "<group>"; };
		4105A69F1C74605E00631681 /* Base */ = {isa = PBXFileReference; lastKnownFileType = file.storyboard; name = Base; path = Base.lproj/LaunchScreen.storyboard; sourceTree = "<group>"; };
		4105A6A11C74605E00631681 /* Info.plist */ = {isa = PBXFileReference; lastKnownFileType = text.plist.xml; path = Info.plist; sourceTree = "<group>"; };
		4105A6A61C74605E00631681 /* GAME!Tests.xctest */ = {isa = PBXFileReference; explicitFileType = wrapper.cfbundle; includeInIndex = 0; path = "GAME!Tests.xctest"; sourceTree = BUILT_PRODUCTS_DIR; };
		4105A6AA1C74605E00631681 /* GAME_Tests.m */ = {isa = PBXFileReference; lastKnownFileType = sourcecode.c.objc; path = GAME_Tests.m; sourceTree = "<group>"; };
		4105A6AC1C74605E00631681 /* Info.plist */ = {isa = PBXFileReference; lastKnownFileType = text.plist.xml; path = Info.plist; sourceTree = "<group>"; };
		4105A6B11C74605E00631681 /* GAME!UITests.xctest */ = {isa = PBXFileReference; explicitFileType = wrapper.cfbundle; includeInIndex = 0; path = "GAME!UITests.xctest"; sourceTree = BUILT_PRODUCTS_DIR; };
		4105A6B51C74605E00631681 /* GAME_UITests.m */ = {isa = PBXFileReference; lastKnownFileType = sourcecode.c.objc; path = GAME_UITests.m; sourceTree = "<group>"; };
		4105A6B71C74605E00631681 /* Info.plist */ = {isa = PBXFileReference; lastKnownFileType = text.plist.xml; path = Info.plist; sourceTree = "<group>"; };
		4105A6C41C7463CA00631681 /* FullSizeRender.jpg */ = {isa = PBXFileReference; lastKnownFileType = image.jpeg; path = FullSizeRender.jpg; sourceTree = "<group>"; };
		4105A6CA1C74673300631681 /* FullSizeRender1.jpg */ = {isa = PBXFileReference; lastKnownFileType = image.jpeg; path = FullSizeRender1.jpg; sourceTree = "<group>"; };
		4105A6CB1C74673300631681 /* FullSizeRender2.jpg */ = {isa = PBXFileReference; lastKnownFileType = image.jpeg; path = FullSizeRender2.jpg; sourceTree = "<group>"; };
		4105A6CE1C746D9800631681 /* gameViewController.h */ = {isa = PBXFileReference; fileEncoding = 4; lastKnownFileType = sourcecode.c.h; path = gameViewController.h; sourceTree = "<group>"; };
		4105A6CF1C746D9800631681 /* gameViewController.m */ = {isa = PBXFileReference; fileEncoding = 4; lastKnownFileType = sourcecode.c.objc; path = gameViewController.m; sourceTree = "<group>"; };
		4105A6D11C746E3400631681 /* settingViewController.h */ = {isa = PBXFileReference; fileEncoding = 4; lastKnownFileType = sourcecode.c.h; path = settingViewController.h; sourceTree = "<group>"; };
		4105A6D21C746E3400631681 /* settingViewController.m */ = {isa = PBXFileReference; fileEncoding = 4; lastKnownFileType = sourcecode.c.objc; path = settingViewController.m; sourceTree = "<group>"; };
		4105A6D41C746E3F00631681 /* introViewController.h */ = {isa = PBXFileReference; fileEncoding = 4; lastKnownFileType = sourcecode.c.h; path = introViewController.h; sourceTree = "<group>"; };
		4105A6D51C746E3F00631681 /* introViewController.m */ = {isa = PBXFileReference; fileEncoding = 4; lastKnownFileType = sourcecode.c.objc; path = introViewController.m; sourceTree = "<group>"; };
/* End PBXFileReference section */

/* Begin PBXFrameworksBuildPhase section */
		4105A68A1C74605E00631681 /* Frameworks */ = {
			isa = PBXFrameworksBuildPhase;
			buildActionMask = 2147483647;
			files = (
			);
			runOnlyForDeploymentPostprocessing = 0;
		};
		4105A6A31C74605E00631681 /* Frameworks */ = {
			isa = PBXFrameworksBuildPhase;
			buildActionMask = 2147483647;
			files = (
			);
			runOnlyForDeploymentPostprocessing = 0;
		};
		4105A6AE1C74605E00631681 /* Frameworks */ = {
			isa = PBXFrameworksBuildPhase;
			buildActionMask = 2147483647;
			files = (
			);
			runOnlyForDeploymentPostprocessing = 0;
		};
/* End PBXFrameworksBuildPhase section */

/* Begin PBXGroup section */
		4105A6841C74605E00631681 = {
			isa = PBXGroup;
			children = (
				4105A6C31C7463CA00631681 /* picSource */,
				4105A68F1C74605E00631681 /* GAME! */,
				4105A6A91C74605E00631681 /* GAME!Tests */,
				4105A6B41C74605E00631681 /* GAME!UITests */,
				4105A68E1C74605E00631681 /* Products */,
			);
			sourceTree = "<group>";
		};
		4105A68E1C74605E00631681 /* Products */ = {
			isa = PBXGroup;
			children = (
				4105A68D1C74605E00631681 /* GAME!.app */,
				4105A6A61C74605E00631681 /* GAME!Tests.xctest */,
				4105A6B11C74605E00631681 /* GAME!UITests.xctest */,
			);
			name = Products;
			sourceTree = "<group>";
		};
		4105A68F1C74605E00631681 /* GAME! */ = {
			isa = PBXGroup;
			children = (
				4105A6931C74605E00631681 /* AppDelegate.h */,
				4105A6941C74605E00631681 /* AppDelegate.m */,
				4105A6961C74605E00631681 /* ViewController.h */,
				4105A6971C74605E00631681 /* ViewController.m */,
				4105A6CE1C746D9800631681 /* gameViewController.h */,
				4105A6CF1C746D9800631681 /* gameViewController.m */,
				4105A6D11C746E3400631681 /* settingViewController.h */,
				4105A6D21C746E3400631681 /* settingViewController.m */,
				4105A6D41C746E3F00631681 /* introViewController.h */,
				4105A6D51C746E3F00631681 /* introViewController.m */,
				4105A6991C74605E00631681 /* Main.storyboard */,
				4105A69C1C74605E00631681 /* Assets.xcassets */,
				4105A69E1C74605E00631681 /* LaunchScreen.storyboard */,
				4105A6A11C74605E00631681 /* Info.plist */,
				4105A6901C74605E00631681 /* Supporting Files */,
			);
			path = "GAME!";
			sourceTree = "<group>";
		};
		4105A6901C74605E00631681 /* Supporting Files */ = {
			isa = PBXGroup;
			children = (
				4105A6911C74605E00631681 /* main.m */,
			);
			name = "Supporting Files";
			sourceTree = "<group>";
		};
		4105A6A91C74605E00631681 /* GAME!Tests */ = {
			isa = PBXGroup;
			children = (
				4105A6AA1C74605E00631681 /* GAME_Tests.m */,
				4105A6AC1C74605E00631681 /* Info.plist */,
			);
			path = "GAME!Tests";
			sourceTree = "<group>";
		};
		4105A6B41C74605E00631681 /* GAME!UITests */ = {
			isa = PBXGroup;
			children = (
				4105A6B51C74605E00631681 /* GAME_UITests.m */,
				4105A6B71C74605E00631681 /* Info.plist */,
			);
			path = "GAME!UITests";
			sourceTree = "<group>";
		};
		4105A6C31C7463CA00631681 /* picSource */ = {
			isa = PBXGroup;
			children = (
				4105A6C41C7463CA00631681 /* FullSizeRender.jpg */,
				4105A6CA1C74673300631681 /* FullSizeRender1.jpg */,
				4105A6CB1C74673300631681 /* FullSizeRender2.jpg */,
			);
			path = picSource;
			sourceTree = "<group>";
		};
/* End PBXGroup section */

/* Begin PBXNativeTarget section */
		4105A68C1C74605E00631681 /* GAME! */ = {
			isa = PBXNativeTarget;
			buildConfigurationList = 4105A6BA1C74605E00631681 /* Build configuration list for PBXNativeTarget "GAME!" */;
			buildPhases = (
				4105A6891C74605E00631681 /* Sources */,
				4105A68A1C74605E00631681 /* Frameworks */,
				4105A68B1C74605E00631681 /* Resources */,
			);
			buildRules = (
			);
			dependencies = (
			);
			name = "GAME!";
			productName = "GAME!";
			productReference = 4105A68D1C74605E00631681 /* GAME!.app */;
			productType = "com.apple.product-type.application";
		};
		4105A6A51C74605E00631681 /* GAME!Tests */ = {
			isa = PBXNativeTarget;
			buildConfigurationList = 4105A6BD1C74605E00631681 /* Build configuration list for PBXNativeTarget "GAME!Tests" */;
			buildPhases = (
				4105A6A21C74605E00631681 /* Sources */,
				4105A6A31C74605E00631681 /* Frameworks */,
				4105A6A41C74605E00631681 /* Resources */,
			);
			buildRules = (
			);
			dependencies = (
				4105A6A81C74605E00631681 /* PBXTargetDependency */,
			);
			name = "GAME!Tests";
			productName = "GAME!Tests";
			productReference = 4105A6A61C74605E00631681 /* GAME!Tests.xctest */;
			productType = "com.apple.product-type.bundle.unit-test";
		};
		4105A6B01C74605E00631681 /* GAME!UITests */ = {
			isa = PBXNativeTarget;
			buildConfigurationList = 4105A6C01C74605E00631681 /* Build configuration list for PBXNativeTarget "GAME!UITests" */;
			buildPhases = (
				4105A6AD1C74605E00631681 /* Sources */,
				4105A6AE1C74605E00631681 /* Frameworks */,
				4105A6AF1C74605E00631681 /* Resources */,
			);
			buildRules = (
			);
			dependencies = (
				4105A6B31C74605E00631681 /* PBXTargetDependency */,
			);
			name = "GAME!UITests";
			productName = "GAME!UITests";
			productReference = 4105A6B11C74605E00631681 /* GAME!UITests.xctest */;
			productType = "com.apple.product-type.bundle.ui-testing";
		};
/* End PBXNativeTarget section */

/* Begin PBXProject section */
		4105A6851C74605E00631681 /* Project object */ = {
			isa = PBXProject;
			attributes = {
				LastUpgradeCheck = 0720;
				ORGANIZATIONNAME = Yiqiao;
				TargetAttributes = {
					4105A68C1C74605E00631681 = {
						CreatedOnToolsVersion = 7.2;
						DevelopmentTeam = AMLCDUV3ML;
					};
					4105A6A51C74605E00631681 = {
						CreatedOnToolsVersion = 7.2;
						DevelopmentTeam = AMLCDUV3ML;
						TestTargetID = 4105A68C1C74605E00631681;
					};
					4105A6B01C74605E00631681 = {
						CreatedOnToolsVersion = 7.2;
						DevelopmentTeam = AMLCDUV3ML;
						TestTargetID = 4105A68C1C74605E00631681;
					};
				};
			};
			buildConfigurationList = 4105A6881C74605E00631681 /* Build configuration list for PBXProject "GAME!" */;
			compatibilityVersion = "Xcode 3.2";
			developmentRegion = English;
			hasScannedForEncodings = 0;
			knownRegions = (
				en,
				Base,
			);
			mainGroup = 4105A6841C74605E00631681;
			productRefGroup = 4105A68E1C74605E00631681 /* Products */;
			projectDirPath = "";
			projectRoot = "";
			targets = (
				4105A68C1C74605E00631681 /* GAME! */,
				4105A6A51C74605E00631681 /* GAME!Tests */,
				4105A6B01C74605E00631681 /* GAME!UITests */,
			);
		};
/* End PBXProject section */

/* Begin PBXResourcesBuildPhase section */
		4105A68B1C74605E00631681 /* Resources */ = {
			isa = PBXResourcesBuildPhase;
			buildActionMask = 2147483647;
			files = (
				4105A6A01C74605E00631681 /* LaunchScreen.storyboard in Resources */,
				4105A69D1C74605E00631681 /* Assets.xcassets in Resources */,
				4105A6CD1C74673300631681 /* FullSizeRender2.jpg in Resources */,
				4105A69B1C74605E00631681 /* Main.storyboard in Resources */,
				4105A6CC1C74673300631681 /* FullSizeRender1.jpg in Resources */,
				4105A6C51C7463CA00631681 /* FullSizeRender.jpg in Resources */,
			);
			runOnlyForDeploymentPostprocessing = 0;
		};
		4105A6A41C74605E00631681 /* Resources */ = {
			isa = PBXResourcesBuildPhase;
			buildActionMask = 2147483647;
			files = (
			);
			runOnlyForDeploymentPostprocessing = 0;
		};
		4105A6AF1C74605E00631681 /* Resources */ = {
			isa = PBXResourcesBuildPhase;
			buildActionMask = 2147483647;
			files = (
			);
			runOnlyForDeploymentPostprocessing = 0;
		};
/* End PBXResourcesBuildPhase section */

/* Begin PBXSourcesBuildPhase section */
		4105A6891C74605E00631681 /* Sources */ = {
			isa = PBXSourcesBuildPhase;
			buildActionMask = 2147483647;
			files = (
				4105A6D01C746D9800631681 /* gameViewController.m in Sources */,
				4105A6D61C746E3F00631681 /* introViewController.m in Sources */,
				4105A6981C74605E00631681 /* ViewController.m in Sources */,
				4105A6D31C746E3400631681 /* settingViewController.m in Sources */,
				4105A6951C74605E00631681 /* AppDelegate.m in Sources */,
				4105A6921C74605E00631681 /* main.m in Sources */,
			);
			runOnlyForDeploymentPostprocessing = 0;
		};
		4105A6A21C74605E00631681 /* Sources */ = {
			isa = PBXSourcesBuildPhase;
			buildActionMask = 2147483647;
			files = (
				4105A6AB1C74605E00631681 /* GAME_Tests.m in Sources */,
			);
			runOnlyForDeploymentPostprocessing = 0;
		};
		4105A6AD1C74605E00631681 /* Sources */ = {
			isa = PBXSourcesBuildPhase;
			buildActionMask = 2147483647;
			files = (
				4105A6B61C74605E00631681 /* GAME_UITests.m in Sources */,
			);
			runOnlyForDeploymentPostprocessing = 0;
		};
/* End PBXSourcesBuildPhase section */

/* Begin PBXTargetDependency section */
		4105A6A81C74605E00631681 /* PBXTargetDependency */ = {
			isa = PBXTargetDependency;
			target = 4105A68C1C74605E00631681 /* GAME! */;
			targetProxy = 4105A6A71C74605E00631681 /* PBXContainerItemProxy */;
		};
		4105A6B31C74605E00631681 /* PBXTargetDependency */ = {
			isa = PBXTargetDependency;
			target = 4105A68C1C74605E00631681 /* GAME! */;
			targetProxy = 4105A6B21C74605E00631681 /* PBXContainerItemProxy */;
		};
/* End PBXTargetDependency section */

/* Begin PBXVariantGroup section */
		4105A6991C74605E00631681 /* Main.storyboard */ = {
			isa = PBXVariantGroup;
			children = (
				4105A69A1C74605E00631681 /* Base */,
			);
			name = Main.storyboard;
			sourceTree = "<group>";
		};
		4105A69E1C74605E00631681 /* LaunchScreen.storyboard */ = {
			isa = PBXVariantGroup;
			children = (
				4105A69F1C74605E00631681 /* Base */,
			);
			name = LaunchScreen.storyboard;
			sourceTree = "<group>";
		};
/* End PBXVariantGroup section */

/* Begin XCBuildConfiguration section */
		4105A6B81C74605E00631681 /* Debug */ = {
			isa = XCBuildConfiguration;
			buildSettings = {
				ALWAYS_SEARCH_USER_PATHS = NO;
				CLANG_CXX_LANGUAGE_STANDARD = "gnu++0x";
				CLANG_CXX_LIBRARY = "libc++";
				CLANG_ENABLE_MODULES = YES;
				CLANG_ENABLE_OBJC_ARC = YES;
				CLANG_WARN_BOOL_CONVERSION = YES;
				CLANG_WARN_CONSTANT_CONVERSION = YES;
				CLANG_WARN_DIRECT_OBJC_ISA_USAGE = YES_ERROR;
				CLANG_WARN_EMPTY_BODY = YES;
				CLANG_WARN_ENUM_CONVERSION = YES;
				CLANG_WARN_INT_CONVERSION = YES;
				CLANG_WARN_OBJC_ROOT_CLASS = YES_ERROR;
				CLANG_WARN_UNREACHABLE_CODE = YES;
				CLANG_WARN__DUPLICATE_METHOD_MATCH = YES;
				"CODE_SIGN_IDENTITY[sdk=iphoneos*]" = "iPhone Developer";
				COPY_PHASE_STRIP = NO;
				DEBUG_INFORMATION_FORMAT = dwarf;
				ENABLE_STRICT_OBJC_MSGSEND = YES;
				ENABLE_TESTABILITY = YES;
				GCC_C_LANGUAGE_STANDARD = gnu99;
				GCC_DYNAMIC_NO_PIC = NO;
				GCC_NO_COMMON_BLOCKS = YES;
				GCC_OPTIMIZATION_LEVEL = 0;
				GCC_PREPROCESSOR_DEFINITIONS = (
					"DEBUG=1",
					"$(inherited)",
				);
				GCC_WARN_64_TO_32_BIT_CONVERSION = YES;
				GCC_WARN_ABOUT_RETURN_TYPE = YES_ERROR;
				GCC_WARN_UNDECLARED_SELECTOR = YES;
				GCC_WARN_UNINITIALIZED_AUTOS = YES_AGGRESSIVE;
				GCC_WARN_UNUSED_FUNCTION = YES;
				GCC_WARN_UNUSED_VARIABLE = YES;
				IPHONEOS_DEPLOYMENT_TARGET = 9.2;
				MTL_ENABLE_DEBUG_INFO = YES;
				ONLY_ACTIVE_ARCH = YES;
				SDKROOT = iphoneos;
				TARGETED_DEVICE_FAMILY = "1,2";
			};
			name = Debug;
		};
		4105A6B91C74605E00631681 /* Release */ = {
			isa = XCBuildConfiguration;
			buildSettings = {
				ALWAYS_SEARCH_USER_PATHS = NO;
				CLANG_CXX_LANGUAGE_STANDARD = "gnu++0x";
				CLANG_CXX_LIBRARY = "libc++";
				CLANG_ENABLE_MODULES = YES;
				CLANG_ENABLE_OBJC_ARC = YES;
				CLANG_WARN_BOOL_CONVERSION = YES;
				CLANG_WARN_CONSTANT_CONVERSION = YES;
				CLANG_WARN_DIRECT_OBJC_ISA_USAGE = YES_ERROR;
				CLANG_WARN_EMPTY_BODY = YES;
				CLANG_WARN_ENUM_CONVERSION = YES;
				CLANG_WARN_INT_CONVERSION = YES;
				CLANG_WARN_OBJC_ROOT_CLASS = YES_ERROR;
				CLANG_WARN_UNREACHABLE_CODE = YES;
				CLANG_WARN__DUPLICATE_METHOD_MATCH = YES;
				"CODE_SIGN_IDENTITY[sdk=iphoneos*]" = "iPhone Developer";
				COPY_PHASE_STRIP = NO;
				DEBUG_INFORMATION_FORMAT = "dwarf-with-dsym";
				ENABLE_NS_ASSERTIONS = NO;
				ENABLE_STRICT_OBJC_MSGSEND = YES;
				GCC_C_LANGUAGE_STANDARD = gnu99;
				GCC_NO_COMMON_BLOCKS = YES;
				GCC_WARN_64_TO_32_BIT_CONVERSION = YES;
				GCC_WARN_ABOUT_RETURN_TYPE = YES_ERROR;
				GCC_WARN_UNDECLARED_SELECTOR = YES;
				GCC_WARN_UNINITIALIZED_AUTOS = YES_AGGRESSIVE;
				GCC_WARN_UNUSED_FUNCTION = YES;
				GCC_WARN_UNUSED_VARIABLE = YES;
				IPHONEOS_DEPLOYMENT_TARGET = 9.2;
				MTL_ENABLE_DEBUG_INFO = NO;
				SDKROOT = iphoneos;
				TARGETED_DEVICE_FAMILY = "1,2";
				VALIDATE_PRODUCT = YES;
			};
			name = Release;
		};
		4105A6BB1C74605E00631681 /* Debug */ = {
			isa = XCBuildConfiguration;
			buildSettings = {
				ASSETCATALOG_COMPILER_APPICON_NAME = AppIcon;
				INFOPLIST_FILE = "GAME!/Info.plist";
				LD_RUNPATH_SEARCH_PATHS = "$(inherited) @executable_path/Frameworks";
				PRODUCT_BUNDLE_IDENTIFIER = "Yiqiao-iOS.GAME-";
				PRODUCT_NAME = "$(TARGET_NAME)";
			};
			name = Debug;
		};
		4105A6BC1C74605E00631681 /* Release */ = {
			isa = XCBuildConfiguration;
			buildSettings = {
				ASSETCATALOG_COMPILER_APPICON_NAME = AppIcon;
				INFOPLIST_FILE = "GAME!/Info.plist";
				LD_RUNPATH_SEARCH_PATHS = "$(inherited) @executable_path/Frameworks";
				PRODUCT_BUNDLE_IDENTIFIER = "Yiqiao-iOS.GAME-";
				PRODUCT_NAME = "$(TARGET_NAME)";
			};
			name = Release;
		};
		4105A6BE1C74605E00631681 /* Debug */ = {
			isa = XCBuildConfiguration;
			buildSettings = {
				BUNDLE_LOADER = "$(TEST_HOST)";
				INFOPLIST_FILE = "GAME!Tests/Info.plist";
				LD_RUNPATH_SEARCH_PATHS = "$(inherited) @executable_path/Frameworks @loader_path/Frameworks";
				PRODUCT_BUNDLE_IDENTIFIER = "Yiqiao-iOS.GAME-Tests";
				PRODUCT_NAME = "$(TARGET_NAME)";
				TEST_HOST = "$(BUILT_PRODUCTS_DIR)/GAME!.app/GAME!";
			};
			name = Debug;
		};
		4105A6BF1C74605E00631681 /* Release */ = {
			isa = XCBuildConfiguration;
			buildSettings = {
				BUNDLE_LOADER = "$(TEST_HOST)";
				INFOPLIST_FILE = "GAME!Tests/Info.plist";
				LD_RUNPATH_SEARCH_PATHS = "$(inherited) @executable_path/Frameworks @loader_path/Frameworks";
				PRODUCT_BUNDLE_IDENTIFIER = "Yiqiao-iOS.GAME-Tests";
				PRODUCT_NAME = "$(TARGET_NAME)";
				TEST_HOST = "$(BUILT_PRODUCTS_DIR)/GAME!.app/GAME!";
			};
			name = Release;
		};
		4105A6C11C74605E00631681 /* Debug */ = {
			isa = XCBuildConfiguration;
			buildSettings = {
				INFOPLIST_FILE = "GAME!UITests/Info.plist";
				LD_RUNPATH_SEARCH_PATHS = "$(inherited) @executable_path/Frameworks @loader_path/Frameworks";
				PRODUCT_BUNDLE_IDENTIFIER = "Yiqiao-iOS.GAME-UITests";
				PRODUCT_NAME = "$(TARGET_NAME)";
				TEST_TARGET_NAME = "GAME!";
				USES_XCTRUNNER = YES;
			};
			name = Debug;
		};
		4105A6C21C74605E00631681 /* Release */ = {
			isa = XCBuildConfiguration;
			buildSettings = {
				INFOPLIST_FILE = "GAME!UITests/Info.plist";
				LD_RUNPATH_SEARCH_PATHS = "$(inherited) @executable_path/Frameworks @loader_path/Frameworks";
				PRODUCT_BUNDLE_IDENTIFIER = "Yiqiao-iOS.GAME-UITests";
				PRODUCT_NAME = "$(TARGET_NAME)";
				TEST_TARGET_NAME = "GAME!";
				USES_XCTRUNNER = YES;
			};
			name = Release;
		};
/* End XCBuildConfiguration section */

/* Begin XCConfigurationList section */
		4105A6881C74605E00631681 /* Build configuration list for PBXProject "GAME!" */ = {
			isa = XCConfigurationList;
			buildConfigurations = (
				4105A6B81C74605E00631681 /* Debug */,
				4105A6B91C74605E00631681 /* Release */,
			);
			defaultConfigurationIsVisible = 0;
			defaultConfigurationName = Release;
		};
		4105A6BA1C74605E00631681 /* Build configuration list for PBXNativeTarget "GAME!" */ = {
			isa = XCConfigurationList;
			buildConfigurations = (
				4105A6BB1C74605E00631681 /* Debug */,
				4105A6BC1C74605E00631681 /* Release */,
			);
			defaultConfigurationIsVisible = 0;
		};
		4105A6BD1C74605E00631681 /* Build configuration list for PBXNativeTarget "GAME!Tests" */ = {
			isa = XCConfigurationList;
			buildConfigurations = (
				4105A6BE1C74605E00631681 /* Debug */,
				4105A6BF1C74605E00631681 /* Release */,
			);
			defaultConfigurationIsVisible = 0;
		};
		4105A6C01C74605E00631681 /* Build configuration list for PBXNativeTarget "GAME!UITests" */ = {
			isa = XCConfigurationList;
			buildConfigurations = (
				4105A6C11C74605E00631681 /* Debug */,
				4105A6C21C74605E00631681 /* Release */,
			);
			defaultConfigurationIsVisible = 0;
		};
/* End XCConfigurationList section */
	};
	rootObject = 4105A6851C74605E00631681 /* Project object */;
}
